{
  "requires": true,
  "lockfileVersion": 1,
  "dependencies": {
    "classnames": {
      "version": "2.2.6",
      "resolved": "https://registry.npmjs.org/classnames/-/classnames-2.2.6.tgz",
      "integrity": "sha512-JR/iSQOSt+LQIWwrwEzJ9uk0xfN3mTVYMwt1Ir5mUcSN6pU+V4zQFFaJsclJbPuAUQH+yfWef6tm7l1quW3C8Q=="
    },
    "custom-event-polyfill": {
      "version": "1.0.6",
      "resolved": "https://registry.npmjs.org/custom-event-polyfill/-/custom-event-polyfill-1.0.6.tgz",
      "integrity": "sha512-3FxpFlzGcHrDykwWu+xWVXZ8PfykM/9/bI3zXb953sh+AjInZWcQmrnmvPoZgiqNjmbtTm10PWvYqvRW527x6g=="
    },
    "easydropdown": {
      "version": "4.2.0",
      "resolved": "https://registry.npmjs.org/easydropdown/-/easydropdown-4.2.0.tgz",
      "integrity": "sha512-oicfb/8VT2e9s1nCqzBEB2qCXvuJl4nQnHT6ej+HG8Ot6vNkymxKOL9qE1G4h2uMe16xFW9NF1/WiOIF6yX00g==",
      "requires": {
        "custom-event-polyfill": "1.0.6",
        "helpful-merge": "0.2.0"
      }
    },
    "helpful-merge": {
      "version": "0.2.0",
      "resolved": "https://registry.npmjs.org/helpful-merge/-/helpful-merge-0.2.0.tgz",
      "integrity": "sha512-lqbBl4TU15okBJ4C8hx7PBEcqtaxxsWLOypdhpsZbRvBTaibNqTXWpG6W59S0FTBeL7hx3K4MXdz8EJVcZ3CCQ=="
    }
  }
}
